
Microsoft Visual Studio Solution File, Format Version 12.00
# Visual Studio 15
VisualStudioVersion = 15.0.27906.1
MinimumVisualStudioVersion = 10.0.40219.1
Project("{FAE04EC0-301F-11D3-BF4B-00C04F79EFBC}") = "MultiGitSourceTest", "MultiGitSourceTest\MultiGitSourceTest.csproj", "{77DE84C9-50D2-4060-969F-7AA1D79D9F8D}"
EndProject
Global
	GlobalSection(SolutionConfigurationPlatforms) = preSolution
		Debug|Any CPU = Debug|Any CPU
		Release|Any CPU = Release|Any CPU
	EndGlobalSection
	GlobalSection(ProjectConfigurationPlatforms) = postSolution
		{77DE84C9-50D2-4060-969F-7AA1D79D9F8D}.Debug|Any CPU.ActiveCfg = Debug|Any CPU
		{77DE84C9-50D2-4060-969F-7AA1D79D9F8D}.Debug|Any CPU.Build.0 = Debug|Any CPU
		{77DE84C9-50D2-4060-969F-7AA1D79D9F8D}.Release|Any CPU.ActiveCfg = Release|Any CPU
		{77DE84C9-50D2-4060-969F-7AA1D79D9F8D}.Release|Any CPU.Build.0 = Release|Any CPU
	EndGlobalSection
	GlobalSection(SolutionProperties) = preSolution
		HideSolutionNode = FALSE
	EndGlobalSection
	GlobalSection(ExtensibilityGlobals) = postSolution
		SolutionGuid = {3F76F208-C5D8-41A2-A8A8-0D321D68C189}
	EndGlobalSection
EndGlobal
